
Microsoft Visual Studio Solution File, Format Version 11.00
# Visual Studio 2010
Project("{FAE04EC0-301F-11D3-BF4B-00C04F79EFBC}") = "NugetFix", "NugetFix\NugetFix.csproj", "{77E7D1AD-2900-4EC5-8193-C369A6E9D94F}"
EndProject
Global
	GlobalSection(SolutionConfigurationPlatforms) = preSolution
		Debug|Any CPU = Debug|Any CPU
		Release|Any CPU = Release|Any CPU
	EndGlobalSection
	GlobalSection(ProjectConfigurationPlatforms) = postSolution
		{77E7D1AD-2900-4EC5-8193-C369A6E9D94F}.Debug|Any CPU.ActiveCfg = Debug|Any CPU
		{77E7D1AD-2900-4EC5-8193-C369A6E9D94F}.Debug|Any CPU.Build.0 = Debug|Any CPU
		{77E7D1AD-2900-4EC5-8193-C369A6E9D94F}.Release|Any CPU.ActiveCfg = Release|Any CPU
		{77E7D1AD-2900-4EC5-8193-C369A6E9D94F}.Release|Any CPU.Build.0 = Release|Any CPU
	EndGlobalSection
	GlobalSection(SolutionProperties) = preSolution
		HideSolutionNode = FALSE
	EndGlobalSection
EndGlobal
